
Microsoft Visual Studio Solution File, Format Version 12.00
# Visual Studio Version 16
VisualStudioVersion = 16.0.31229.75
MinimumVisualStudioVersion = 10.0.40219.1
Project("{9A19103F-16F7-4668-BE54-9A1E7A4F7556}") = "TwoCheckoutCore", "TwoCheckoutCore\TwoCheckoutCore.csproj", "{EAAE5DEE-436C-4572-AF52-EF5678BDAC47}"
EndProject
Project("{FAE04EC0-301F-11D3-BF4B-00C04F79EFBC}") = "TwoCheckoutCore.Tests", "TwoCheckoutCore.Tests\TwoCheckoutCore.Tests.csproj", "{5E46FF0C-4034-48D9-8F03-1A66193FB2EA}"
EndProject
Global
	GlobalSection(SolutionConfigurationPlatforms) = preSolution
		Debug|Any CPU = Debug|Any CPU
		Release|Any CPU = Release|Any CPU
	EndGlobalSection
	GlobalSection(ProjectConfigurationPlatforms) = postSolution
		{EAAE5DEE-436C-4572-AF52-EF5678BDAC47}.Debug|Any CPU.ActiveCfg = Debug|Any CPU
		{EAAE5DEE-436C-4572-AF52-EF5678BDAC47}.Debug|Any CPU.Build.0 = Debug|Any CPU
		{EAAE5DEE-436C-4572-AF52-EF5678BDAC47}.Release|Any CPU.ActiveCfg = Release|Any CPU
		{EAAE5DEE-436C-4572-AF52-EF5678BDAC47}.Release|Any CPU.Build.0 = Release|Any CPU
		{5E46FF0C-4034-48D9-8F03-1A66193FB2EA}.Debug|Any CPU.ActiveCfg = Debug|Any CPU
		{5E46FF0C-4034-48D9-8F03-1A66193FB2EA}.Debug|Any CPU.Build.0 = Debug|Any CPU
		{5E46FF0C-4034-48D9-8F03-1A66193FB2EA}.Release|Any CPU.ActiveCfg = Release|Any CPU
		{5E46FF0C-4034-48D9-8F03-1A66193FB2EA}.Release|Any CPU.Build.0 = Release|Any CPU
	EndGlobalSection
	GlobalSection(SolutionProperties) = preSolution
		HideSolutionNode = FALSE
	EndGlobalSection
	GlobalSection(ExtensibilityGlobals) = postSolution
		SolutionGuid = {B9787ECB-3DDB-4DE8-BD2F-6D1D23F48B1F}
	EndGlobalSection
EndGlobal
